
Microsoft Visual Studio Solution File, Format Version 12.00
# Visual Studio Version 16
VisualStudioVersion = 16.0.31613.86
MinimumVisualStudioVersion = 10.0.40219.1
Project("{2150E333-8FDC-42A3-9474-1A3956D46DE8}") = "Solution Items", "Solution Items", "{0A205298-B00D-4236-921C-D812F1CE53E9}"
	ProjectSection(SolutionItems) = preProject
		GLJ.vsmdi = GLJ.vsmdi
		Local.testsettings = Local.testsettings
		TraceAndTestImpact.testsettings = TraceAndTestImpact.testsettings
	EndProjectSection
EndProject
Project("{FAE04EC0-301F-11D3-BF4B-00C04F79EFBC}") = "GLJ", "GLJ\GLJ.csproj", "{585DA96B-40DB-4E0E-9FB4-75D6D45D6F40}"
EndProject
Project("{FAE04EC0-301F-11D3-BF4B-00C04F79EFBC}") = "GLJWebTest", "GLJWebTest\GLJWebTest.csproj", "{7C53E7BD-E00A-44DD-B0CF-875B1AC6DFEC}"
EndProject
Global
	GlobalSection(SolutionConfigurationPlatforms) = preSolution
		Debug|Any CPU = Debug|Any CPU
		Release|Any CPU = Release|Any CPU
	EndGlobalSection
	GlobalSection(ProjectConfigurationPlatforms) = postSolution
		{585DA96B-40DB-4E0E-9FB4-75D6D45D6F40}.Debug|Any CPU.ActiveCfg = Debug|Any CPU
		{585DA96B-40DB-4E0E-9FB4-75D6D45D6F40}.Debug|Any CPU.Build.0 = Debug|Any CPU
		{585DA96B-40DB-4E0E-9FB4-75D6D45D6F40}.Release|Any CPU.ActiveCfg = Release|Any CPU
		{585DA96B-40DB-4E0E-9FB4-75D6D45D6F40}.Release|Any CPU.Build.0 = Release|Any CPU
		{7C53E7BD-E00A-44DD-B0CF-875B1AC6DFEC}.Debug|Any CPU.ActiveCfg = Debug|Any CPU
		{7C53E7BD-E00A-44DD-B0CF-875B1AC6DFEC}.Debug|Any CPU.Build.0 = Debug|Any CPU
		{7C53E7BD-E00A-44DD-B0CF-875B1AC6DFEC}.Release|Any CPU.ActiveCfg = Release|Any CPU
		{7C53E7BD-E00A-44DD-B0CF-875B1AC6DFEC}.Release|Any CPU.Build.0 = Release|Any CPU
	EndGlobalSection
	GlobalSection(SolutionProperties) = preSolution
		HideSolutionNode = FALSE
	EndGlobalSection
	GlobalSection(ExtensibilityGlobals) = postSolution
		SolutionGuid = {34F62658-7FD8-46EF-9517-3D1EA0984E11}
	EndGlobalSection
	GlobalSection(TestCaseManagementSettings) = postSolution
		CategoryFile = GLJ.vsmdi
	EndGlobalSection
	GlobalSection(SubversionScc) = preSolution
		Svn-Managed = True
		Manager = AnkhSVN - Subversion Support for Visual Studio
	EndGlobalSection
EndGlobal
